// !$*UTF8*$!
{
	archiveVersion = 1;
	classes = {
	};
	objectVersion = 50;
	objects = {

/* Begin PBXBuildFile section */
		26DAB913F9B282AE3BD79203 /* libPods-PairingBase-Alamofire&Cocoapods.a in Frameworks */ = {isa = PBXBuildFile; fileRef = 96F083BB17ADC6B21F246318 /* libPods-PairingBase-Alamofire&Cocoapods.a */; };
		2DC30B7123A98FAA006D8797 /* AppDelegate.swift in Sources */ = {isa = PBXBuildFile; fileRef = 2DC30B7023A98FAA006D8797 /* AppDelegate.swift */; };
		2DC30B7323A98FAA006D8797 /* ViewController.swift in Sources */ = {isa = PBXBuildFile; fileRef = 2DC30B7223A98FAA006D8797 /* ViewController.swift */; };
		2DC30B7623A98FAA006D8797 /* Main.storyboard in Resources */ = {isa = PBXBuildFile; fileRef = 2DC30B7423A98FAA006D8797 /* Main.storyboard */; };
		2DC30B7823A98FAB006D8797 /* Assets.xcassets in Resources */ = {isa = PBXBuildFile; fileRef = 2DC30B7723A98FAB006D8797 /* Assets.xcassets */; };
		2DC30B7B23A98FAB006D8797 /* LaunchScreen.storyboard in Resources */ = {isa = PBXBuildFile; fileRef = 2DC30B7923A98FAB006D8797 /* LaunchScreen.storyboard */; };
/* End PBXBuildFile section */

/* Begin PBXFileReference section */
		2DC30B6D23A98FAA006D8797 /* PairingBase-Alamofire&Cocoapods.app */ = {isa = PBXFileReference; explicitFileType = wrapper.application; includeInIndex = 0; path = "PairingBase-Alamofire&Cocoapods.app"; sourceTree = BUILT_PRODUCTS_DIR; };
		2DC30B7023A98FAA006D8797 /* AppDelegate.swift */ = {isa = PBXFileReference; lastKnownFileType = sourcecode.swift; path = AppDelegate.swift; sourceTree = "<group>"; };
		2DC30B7223A98FAA006D8797 /* ViewController.swift */ = {isa = PBXFileReference; lastKnownFileType = sourcecode.swift; path = ViewController.swift; sourceTree = "<group>"; };
		2DC30B7523A98FAA006D8797 /* Base */ = {isa = PBXFileReference; lastKnownFileType = file.storyboard; name = Base; path = Base.lproj/Main.storyboard; sourceTree = "<group>"; };
		2DC30B7723A98FAB006D8797 /* Assets.xcassets */ = {isa = PBXFileReference; lastKnownFileType = folder.assetcatalog; path = Assets.xcassets; sourceTree = "<group>"; };
		2DC30B7A23A98FAB006D8797 /* Base */ = {isa = PBXFileReference; lastKnownFileType = file.storyboard; name = Base; path = Base.lproj/LaunchScreen.storyboard; sourceTree = "<group>"; };
		2DC30B7C23A98FAB006D8797 /* Info.plist */ = {isa = PBXFileReference; lastKnownFileType = text.plist.xml; path = Info.plist; sourceTree = "<group>"; };
		96F083BB17ADC6B21F246318 /* libPods-PairingBase-Alamofire&Cocoapods.a */ = {isa = PBXFileReference; explicitFileType = archive.ar; includeInIndex = 0; path = "libPods-PairingBase-Alamofire&Cocoapods.a"; sourceTree = BUILT_PRODUCTS_DIR; };
		CB1B3630D2CECFDF1ECD718D /* Pods-PairingBase-Alamofire&Cocoapods.release.xcconfig */ = {isa = PBXFileReference; includeInIndex = 1; lastKnownFileType = text.xcconfig; name = "Pods-PairingBase-Alamofire&Cocoapods.release.xcconfig"; path = "Target Support Files/Pods-PairingBase-Alamofire&Cocoapods/Pods-PairingBase-Alamofire&Cocoapods.release.xcconfig"; sourceTree = "<group>"; };
		FB194B23213DEC34C0899D46 /* Pods-PairingBase-Alamofire&Cocoapods.debug.xcconfig */ = {isa = PBXFileReference; includeInIndex = 1; lastKnownFileType = text.xcconfig; name = "Pods-PairingBase-Alamofire&Cocoapods.debug.xcconfig"; path = "Target Support Files/Pods-PairingBase-Alamofire&Cocoapods/Pods-PairingBase-Alamofire&Cocoapods.debug.xcconfig"; sourceTree = "<group>"; };
/* End PBXFileReference section */

/* Begin PBXFrameworksBuildPhase section */
		2DC30B6A23A98FAA006D8797 /* Frameworks */ = {
			isa = PBXFrameworksBuildPhase;
			buildActionMask = 2147483647;
			files = (
				26DAB913F9B282AE3BD79203 /* libPods-PairingBase-Alamofire&Cocoapods.a in Frameworks */,
			);
			runOnlyForDeploymentPostprocessing = 0;
		};
/* End PBXFrameworksBuildPhase section */

/* Begin PBXGroup section */
		24BD40EC7A489029E7C002CD /* Pods */ = {
			isa = PBXGroup;
			children = (
				FB194B23213DEC34C0899D46 /* Pods-PairingBase-Alamofire&Cocoapods.debug.xcconfig */,
				CB1B3630D2CECFDF1ECD718D /* Pods-PairingBase-Alamofire&Cocoapods.release.xcconfig */,
			);
			path = Pods;
			sourceTree = "<group>";
		};
		2DC30B6423A98FAA006D8797 = {
			isa = PBXGroup;
			children = (
				2DC30B6F23A98FAA006D8797 /* PairingBase-Alamofire&Cocoapods */,
				2DC30B6E23A98FAA006D8797 /* Products */,
				24BD40EC7A489029E7C002CD /* Pods */,
				9C7F2F4602B7C6F12D1EFD21 /* Frameworks */,
			);
			sourceTree = "<group>";
		};
		2DC30B6E23A98FAA006D8797 /* Products */ = {
			isa = PBXGroup;
			children = (
				2DC30B6D23A98FAA006D8797 /* PairingBase-Alamofire&Cocoapods.app */,
			);
			name = Products;
			sourceTree = "<group>";
		};
		2DC30B6F23A98FAA006D8797 /* PairingBase-Alamofire&Cocoapods */ = {
			isa = PBXGroup;
			children = (
				2DC30B7C23A98FAB006D8797 /* Info.plist */,
				2DC30B7023A98FAA006D8797 /* AppDelegate.swift */,
				2DC30B7223A98FAA006D8797 /* ViewController.swift */,
				2DC30B7723A98FAB006D8797 /* Assets.xcassets */,
				2DC30B7923A98FAB006D8797 /* LaunchScreen.storyboard */,
				2DC30B7423A98FAA006D8797 /* Main.storyboard */,
			);
			path = "PairingBase-Alamofire&Cocoapods";
			sourceTree = "<group>";
		};
		9C7F2F4602B7C6F12D1EFD21 /* Frameworks */ = {
			isa = PBXGroup;
			children = (
				96F083BB17ADC6B21F246318 /* libPods-PairingBase-Alamofire&Cocoapods.a */,
			);
			name = Frameworks;
			sourceTree = "<group>";
		};
/* End PBXGroup section */

/* Begin PBXNativeTarget section */
		2DC30B6C23A98FAA006D8797 /* PairingBase-Alamofire&Cocoapods */ = {
			isa = PBXNativeTarget;
			buildConfigurationList = 2DC30B7F23A98FAB006D8797 /* Build configuration list for PBXNativeTarget "PairingBase-Alamofire&Cocoapods" */;
			buildPhases = (
				B7790739D0FF94D31D2377FC /* [CP] Check Pods Manifest.lock */,
				2DC30B6923A98FAA006D8797 /* Sources */,
				2DC30B6A23A98FAA006D8797 /* Frameworks */,
				2DC30B6B23A98FAA006D8797 /* Resources */,
			);
			buildRules = (
			);
			dependencies = (
			);
			name = "PairingBase-Alamofire&Cocoapods";
			productName = "PairingBase-Alamofire&Cocoapods";
			productReference = 2DC30B6D23A98FAA006D8797 /* PairingBase-Alamofire&Cocoapods.app */;
			productType = "com.apple.product-type.application";
		};
/* End PBXNativeTarget section */

/* Begin PBXProject section */
		2DC30B6523A98FAA006D8797 /* Project object */ = {
			isa = PBXProject;
			attributes = {
				LastSwiftUpdateCheck = 1010;
				LastUpgradeCheck = 1010;
				ORGANIZATIONNAME = Nubank;
				TargetAttributes = {
					2DC30B6C23A98FAA006D8797 = {
						CreatedOnToolsVersion = 10.1;
					};
				};
			};
			buildConfigurationList = 2DC30B6823A98FAA006D8797 /* Build configuration list for PBXProject "PairingBase-Alamofire&Cocoapods" */;
			compatibilityVersion = "Xcode 9.3";
			developmentRegion = en;
			hasScannedForEncodings = 0;
			knownRegions = (
				en,
				Base,
			);
			mainGroup = 2DC30B6423A98FAA006D8797;
			productRefGroup = 2DC30B6E23A98FAA006D8797 /* Products */;
			projectDirPath = "";
			projectRoot = "";
			targets = (
				2DC30B6C23A98FAA006D8797 /* PairingBase-Alamofire&Cocoapods */,
			);
		};
/* End PBXProject section */

/* Begin PBXResourcesBuildPhase section */
		2DC30B6B23A98FAA006D8797 /* Resources */ = {
			isa = PBXResourcesBuildPhase;
			buildActionMask = 2147483647;
			files = (
				2DC30B7B23A98FAB006D8797 /* LaunchScreen.storyboard in Resources */,
				2DC30B7823A98FAB006D8797 /* Assets.xcassets in Resources */,
				2DC30B7623A98FAA006D8797 /* Main.storyboard in Resources */,
			);
			runOnlyForDeploymentPostprocessing = 0;
		};
/* End PBXResourcesBuildPhase section */

/* Begin PBXShellScriptBuildPhase section */
		B7790739D0FF94D31D2377FC /* [CP] Check Pods Manifest.lock */ = {
			isa = PBXShellScriptBuildPhase;
			buildActionMask = 2147483647;
			files = (
			);
			inputFileListPaths = (
			);
			inputPaths = (
				"${PODS_PODFILE_DIR_PATH}/Podfile.lock",
				"${PODS_ROOT}/Manifest.lock",
			);
			name = "[CP] Check Pods Manifest.lock";
			outputFileListPaths = (
			);
			outputPaths = (
				"$(DERIVED_FILE_DIR)/Pods-PairingBase-Alamofire&Cocoapods-checkManifestLockResult.txt",
			);
			runOnlyForDeploymentPostprocessing = 0;
			shellPath = /bin/sh;
			shellScript = "diff \"${PODS_PODFILE_DIR_PATH}/Podfile.lock\" \"${PODS_ROOT}/Manifest.lock\" > /dev/null\nif [ $? != 0 ] ; then\n    # print error to STDERR\n    echo \"error: The sandbox is not in sync with the Podfile.lock. Run 'pod install' or update your CocoaPods installation.\" >&2\n    exit 1\nfi\n# This output is used by Xcode 'outputs' to avoid re-running this script phase.\necho \"SUCCESS\" > \"${SCRIPT_OUTPUT_FILE_0}\"\n";
			showEnvVarsInLog = 0;
		};
/* End PBXShellScriptBuildPhase section */

/* Begin PBXSourcesBuildPhase section */
		2DC30B6923A98FAA006D8797 /* Sources */ = {
			isa = PBXSourcesBuildPhase;
			buildActionMask = 2147483647;
			files = (
				2DC30B7323A98FAA006D8797 /* ViewController.swift in Sources */,
				2DC30B7123A98FAA006D8797 /* AppDelegate.swift in Sources */,
			);
			runOnlyForDeploymentPostprocessing = 0;
		};
/* End PBXSourcesBuildPhase section */

/* Begin PBXVariantGroup section */
		2DC30B7423A98FAA006D8797 /* Main.storyboard */ = {
			isa = PBXVariantGroup;
			children = (
				2DC30B7523A98FAA006D8797 /* Base */,
			);
			name = Main.storyboard;
			sourceTree = "<group>";
		};
		2DC30B7923A98FAB006D8797 /* LaunchScreen.storyboard */ = {
			isa = PBXVariantGroup;
			children = (
				2DC30B7A23A98FAB006D8797 /* Base */,
			);
			name = LaunchScreen.storyboard;
			sourceTree = "<group>";
		};
/* End PBXVariantGroup section */

/* Begin XCBuildConfiguration section */
		2DC30B7D23A98FAB006D8797 /* Debug */ = {
			isa = XCBuildConfiguration;
			buildSettings = {
				ALWAYS_SEARCH_USER_PATHS = NO;
				CLANG_ANALYZER_NONNULL = YES;
				CLANG_ANALYZER_NUMBER_OBJECT_CONVERSION = YES_AGGRESSIVE;
				CLANG_CXX_LANGUAGE_STANDARD = "gnu++14";
				CLANG_CXX_LIBRARY = "libc++";
				CLANG_ENABLE_MODULES = YES;
				CLANG_ENABLE_OBJC_ARC = YES;
				CLANG_ENABLE_OBJC_WEAK = YES;
				CLANG_WARN_BLOCK_CAPTURE_AUTORELEASING = YES;
				CLANG_WARN_BOOL_CONVERSION = YES;
				CLANG_WARN_COMMA = YES;
				CLANG_WARN_CONSTANT_CONVERSION = YES;
				CLANG_WARN_DEPRECATED_OBJC_IMPLEMENTATIONS = YES;
				CLANG_WARN_DIRECT_OBJC_ISA_USAGE = YES_ERROR;
				CLANG_WARN_DOCUMENTATION_COMMENTS = YES;
				CLANG_WARN_EMPTY_BODY = YES;
				CLANG_WARN_ENUM_CONVERSION = YES;
				CLANG_WARN_INFINITE_RECURSION = YES;
				CLANG_WARN_INT_CONVERSION = YES;
				CLANG_WARN_NON_LITERAL_NULL_CONVERSION = YES;
				CLANG_WARN_OBJC_IMPLICIT_RETAIN_SELF = YES;
				CLANG_WARN_OBJC_LITERAL_CONVERSION = YES;
				CLANG_WARN_OBJC_ROOT_CLASS = YES_ERROR;
				CLANG_WARN_RANGE_LOOP_ANALYSIS = YES;
				CLANG_WARN_STRICT_PROTOTYPES = YES;
				CLANG_WARN_SUSPICIOUS_MOVE = YES;
				CLANG_WARN_UNGUARDED_AVAILABILITY = YES_AGGRESSIVE;
				CLANG_WARN_UNREACHABLE_CODE = YES;
				CLANG_WARN__DUPLICATE_METHOD_MATCH = YES;
				CODE_SIGN_IDENTITY = "iPhone Developer";
				COPY_PHASE_STRIP = NO;
				DEBUG_INFORMATION_FORMAT = dwarf;
				ENABLE_STRICT_OBJC_MSGSEND = YES;
				ENABLE_TESTABILITY = YES;
				GCC_C_LANGUAGE_STANDARD = gnu11;
				GCC_DYNAMIC_NO_PIC = NO;
				GCC_NO_COMMON_BLOCKS = YES;
				GCC_OPTIMIZATION_LEVEL = 0;
				GCC_PREPROCESSOR_DEFINITIONS = (
					"DEBUG=1",
					"$(inherited)",
				);
				GCC_WARN_64_TO_32_BIT_CONVERSION = YES;
				GCC_WARN_ABOUT_RETURN_TYPE = YES_ERROR;
				GCC_WARN_UNDECLARED_SELECTOR = YES;
				GCC_WARN_UNINITIALIZED_AUTOS = YES_AGGRESSIVE;
				GCC_WARN_UNUSED_FUNCTION = YES;
				GCC_WARN_UNUSED_VARIABLE = YES;
				IPHONEOS_DEPLOYMENT_TARGET = 12.1;
				MTL_ENABLE_DEBUG_INFO = INCLUDE_SOURCE;
				MTL_FAST_MATH = YES;
				ONLY_ACTIVE_ARCH = YES;
				SDKROOT = iphoneos;
				SWIFT_ACTIVE_COMPILATION_CONDITIONS = DEBUG;
				SWIFT_OPTIMIZATION_LEVEL = "-Onone";
			};
			name = Debug;
		};
		2DC30B7E23A98FAB006D8797 /* Release */ = {
			isa = XCBuildConfiguration;
			buildSettings = {
				ALWAYS_SEARCH_USER_PATHS = NO;
				CLANG_ANALYZER_NONNULL = YES;
				CLANG_ANALYZER_NUMBER_OBJECT_CONVERSION = YES_AGGRESSIVE;
				CLANG_CXX_LANGUAGE_STANDARD = "gnu++14";
				CLANG_CXX_LIBRARY = "libc++";
				CLANG_ENABLE_MODULES = YES;
				CLANG_ENABLE_OBJC_ARC = YES;
				CLANG_ENABLE_OBJC_WEAK = YES;
				CLANG_WARN_BLOCK_CAPTURE_AUTORELEASING = YES;
				CLANG_WARN_BOOL_CONVERSION = YES;
				CLANG_WARN_COMMA = YES;
				CLANG_WARN_CONSTANT_CONVERSION = YES;
				CLANG_WARN_DEPRECATED_OBJC_IMPLEMENTATIONS = YES;
				CLANG_WARN_DIRECT_OBJC_ISA_USAGE = YES_ERROR;
				CLANG_WARN_DOCUMENTATION_COMMENTS = YES;
				CLANG_WARN_EMPTY_BODY = YES;
				CLANG_WARN_ENUM_CONVERSION = YES;
				CLANG_WARN_INFINITE_RECURSION = YES;
				CLANG_WARN_INT_CONVERSION = YES;
				CLANG_WARN_NON_LITERAL_NULL_CONVERSION = YES;
				CLANG_WARN_OBJC_IMPLICIT_RETAIN_SELF = YES;
				CLANG_WARN_OBJC_LITERAL_CONVERSION = YES;
				CLANG_WARN_OBJC_ROOT_CLASS = YES_ERROR;
				CLANG_WARN_RANGE_LOOP_ANALYSIS = YES;
				CLANG_WARN_STRICT_PROTOTYPES = YES;
				CLANG_WARN_SUSPICIOUS_MOVE = YES;
				CLANG_WARN_UNGUARDED_AVAILABILITY = YES_AGGRESSIVE;
				CLANG_WARN_UNREACHABLE_CODE = YES;
				CLANG_WARN__DUPLICATE_METHOD_MATCH = YES;
				CODE_SIGN_IDENTITY = "iPhone Developer";
				COPY_PHASE_STRIP = NO;
				DEBUG_INFORMATION_FORMAT = "dwarf-with-dsym";
				ENABLE_NS_ASSERTIONS = NO;
				ENABLE_STRICT_OBJC_MSGSEND = YES;
				GCC_C_LANGUAGE_STANDARD = gnu11;
				GCC_NO_COMMON_BLOCKS = YES;
				GCC_WARN_64_TO_32_BIT_CONVERSION = YES;
				GCC_WARN_ABOUT_RETURN_TYPE = YES_ERROR;
				GCC_WARN_UNDECLARED_SELECTOR = YES;
				GCC_WARN_UNINITIALIZED_AUTOS = YES_AGGRESSIVE;
				GCC_WARN_UNUSED_FUNCTION = YES;
				GCC_WARN_UNUSED_VARIABLE = YES;
				IPHONEOS_DEPLOYMENT_TARGET = 12.1;
				MTL_ENABLE_DEBUG_INFO = NO;
				MTL_FAST_MATH = YES;
				SDKROOT = iphoneos;
				SWIFT_COMPILATION_MODE = wholemodule;
				SWIFT_OPTIMIZATION_LEVEL = "-O";
				VALIDATE_PRODUCT = YES;
			};
			name = Release;
		};
		2DC30B8023A98FAB006D8797 /* Debug */ = {
			isa = XCBuildConfiguration;
			baseConfigurationReference = FB194B23213DEC34C0899D46 /* Pods-PairingBase-Alamofire&Cocoapods.debug.xcconfig */;
			buildSettings = {
				ASSETCATALOG_COMPILER_APPICON_NAME = AppIcon;
				CODE_SIGN_STYLE = Automatic;
				DEVELOPMENT_TEAM = BHQN2ZAK75;
				INFOPLIST_FILE = "PairingBase-Alamofire&Cocoapods/Info.plist";
				IPHONEOS_DEPLOYMENT_TARGET = 10.0;
				LD_RUNPATH_SEARCH_PATHS = (
					"$(inherited)",
					"@executable_path/Frameworks",
				);
				PRODUCT_BUNDLE_IDENTIFIER = "com.nu.hiring.PairingBase-Alamofire-Cocoapods";
				PRODUCT_NAME = "$(TARGET_NAME)";
				SWIFT_VERSION = 5.0;
				TARGETED_DEVICE_FAMILY = "1,2";
			};
			name = Debug;
		};
		2DC30B8123A98FAB006D8797 /* Release */ = {
			isa = XCBuildConfiguration;
			baseConfigurationReference = CB1B3630D2CECFDF1ECD718D /* Pods-PairingBase-Alamofire&Cocoapods.release.xcconfig */;
			buildSettings = {
				ASSETCATALOG_COMPILER_APPICON_NAME = AppIcon;
				CODE_SIGN_STYLE = Automatic;
				DEVELOPMENT_TEAM = BHQN2ZAK75;
				INFOPLIST_FILE = "PairingBase-Alamofire&Cocoapods/Info.plist";
				IPHONEOS_DEPLOYMENT_TARGET = 10.0;
				LD_RUNPATH_SEARCH_PATHS = (
					"$(inherited)",
					"@executable_path/Frameworks",
				);
				PRODUCT_BUNDLE_IDENTIFIER = "com.nu.hiring.PairingBase-Alamofire-Cocoapods";
				PRODUCT_NAME = "$(TARGET_NAME)";
				SWIFT_VERSION = 5.0;
				TARGETED_DEVICE_FAMILY = "1,2";
			};
			name = Release;
		};
/* End XCBuildConfiguration section */

/* Begin XCConfigurationList section */
		2DC30B6823A98FAA006D8797 /* Build configuration list for PBXProject "PairingBase-Alamofire&Cocoapods" */ = {
			isa = XCConfigurationList;
			buildConfigurations = (
				2DC30B7D23A98FAB006D8797 /* Debug */,
				2DC30B7E23A98FAB006D8797 /* Release */,
			);
			defaultConfigurationIsVisible = 0;
			defaultConfigurationName = Release;
		};
		2DC30B7F23A98FAB006D8797 /* Build configuration list for PBXNativeTarget "PairingBase-Alamofire&Cocoapods" */ = {
			isa = XCConfigurationList;
			buildConfigurations = (
				2DC30B8023A98FAB006D8797 /* Debug */,
				2DC30B8123A98FAB006D8797 /* Release */,
			);
			defaultConfigurationIsVisible = 0;
			defaultConfigurationName = Release;
		};
/* End XCConfigurationList section */
	};
	rootObject = 2DC30B6523A98FAA006D8797 /* Project object */;
}
